{
  "name": "solidjscad",
  "version": "0.0.1",
  "lockfileVersion": 3,
  "requires": true,
  "packages": {
    "": {
      "name": "solidjscad",
      "version": "0.0.1",
      "license": "MIT",
      "dependencies": {
        "hono": "^4.10.7"
      }
    },
    "node_modules/hono": {
      "version": "4.10.7",
      "resolved": "https://registry.npmjs.org/hono/-/hono-4.10.7.tgz",
      "integrity": "sha512-icXIITfw/07Q88nLSkB9aiUrd8rYzSweK681Kjo/TSggaGbOX4RRyxxm71v+3PC8C/j+4rlxGeoTRxQDkaJkUw==",
      "license": "MIT",
      "engines": {
        "node": ">=16.9.0"
      }
    }
  }
}
